
Microsoft Visual Studio Solution File, Format Version 12.00
# Visual Studio Version 16
VisualStudioVersion = 16.0.31729.503
MinimumVisualStudioVersion = 10.0.40219.1
Project("{9A19103F-16F7-4668-BE54-9A1E7A4F7556}") = "Mi_Agapea3", "bookstore\Mi_Agapea3.csproj", "{851842A2-7B31-422D-8BC9-9A0E95B1050F}"
EndProject
Project("{9A19103F-16F7-4668-BE54-9A1E7A4F7556}") = "AgapeaNetCore_V5", "..\AgapeaNetCore_V5\AgapeaNetCore_V5.csproj", "{AE9950E7-1455-46A9-B54E-59915F958542}"
EndProject
Global
	GlobalSection(SolutionConfigurationPlatforms) = preSolution
		Debug|Any CPU = Debug|Any CPU
		Release|Any CPU = Release|Any CPU
	EndGlobalSection
	GlobalSection(ProjectConfigurationPlatforms) = postSolution
		{851842A2-7B31-422D-8BC9-9A0E95B1050F}.Debug|Any CPU.ActiveCfg = Debug|Any CPU
		{851842A2-7B31-422D-8BC9-9A0E95B1050F}.Debug|Any CPU.Build.0 = Debug|Any CPU
		{851842A2-7B31-422D-8BC9-9A0E95B1050F}.Release|Any CPU.ActiveCfg = Release|Any CPU
		{851842A2-7B31-422D-8BC9-9A0E95B1050F}.Release|Any CPU.Build.0 = Release|Any CPU
		{AE9950E7-1455-46A9-B54E-59915F958542}.Debug|Any CPU.ActiveCfg = Debug|Any CPU
		{AE9950E7-1455-46A9-B54E-59915F958542}.Debug|Any CPU.Build.0 = Debug|Any CPU
		{AE9950E7-1455-46A9-B54E-59915F958542}.Release|Any CPU.ActiveCfg = Release|Any CPU
		{AE9950E7-1455-46A9-B54E-59915F958542}.Release|Any CPU.Build.0 = Release|Any CPU
	EndGlobalSection
	GlobalSection(SolutionProperties) = preSolution
		HideSolutionNode = FALSE
	EndGlobalSection
	GlobalSection(ExtensibilityGlobals) = postSolution
		SolutionGuid = {730CDCE6-9713-4182-A809-B9E751F0391F}
	EndGlobalSection
EndGlobal
